
Microsoft Visual Studio Solution File, Format Version 12.00
# Visual Studio Version 17
VisualStudioVersion = 17.6.33801.468
MinimumVisualStudioVersion = 10.0.40219.1
Project("{9A19103F-16F7-4668-BE54-9A1E7A4F7556}") = "System", "Employee\System.csproj", "{3BFDC389-9CF2-4FFF-A0AE-D2A25432EB38}"
EndProject
Project("{9A19103F-16F7-4668-BE54-9A1E7A4F7556}") = "Constructor", "..\Constructor\Constructor.csproj", "{C3CE73A5-0CF2-493B-B355-092114D64C5B}"
EndProject
Project("{9A19103F-16F7-4668-BE54-9A1E7A4F7556}") = "Assignment2", "..\Assignment2\Assignment2.csproj", "{81B1EE68-05B3-4390-A299-1BEA99117C3F}"
EndProject
Project("{9A19103F-16F7-4668-BE54-9A1E7A4F7556}") = "Assignment1", "..\Assignment1\Assignment1.csproj", "{BD300AF8-C13F-4052-A6FF-00A3360A36C7}"
EndProject
Project("{FAE04EC0-301F-11D3-BF4B-00C04F79EFBC}") = "ConstructorOverloading", "..\ConstructorOverloading\ConstructorOverloading.csproj", "{FC95DD0E-1194-49A4-8F85-23E871C1E0BD}"
EndProject
Project("{FAE04EC0-301F-11D3-BF4B-00C04F79EFBC}") = "Static_And_Instance_Members", "..\Static_And_Instance_Members\Static_And_Instance_Members.csproj", "{169AAFBB-188C-4CDB-9170-D08F0F87D8CD}"
EndProject
Project("{FAE04EC0-301F-11D3-BF4B-00C04F79EFBC}") = "STATIC_CONSTRUCTOR", "..\STATIC_CONSTRUCTOR\STATIC_CONSTRUCTOR.csproj", "{4FC61EBB-AB16-4444-AF63-D8B85836D5DD}"
EndProject
Project("{FAE04EC0-301F-11D3-BF4B-00C04F79EFBC}") = "STATIC_CLASS", "..\STATIC_CLASS\STATIC_CLASS.csproj", "{46D462D2-2213-4227-980C-FD52977178B2}"
EndProject
Global
	GlobalSection(SolutionConfigurationPlatforms) = preSolution
		Debug|Any CPU = Debug|Any CPU
		Release|Any CPU = Release|Any CPU
	EndGlobalSection
	GlobalSection(ProjectConfigurationPlatforms) = postSolution
		{3BFDC389-9CF2-4FFF-A0AE-D2A25432EB38}.Debug|Any CPU.ActiveCfg = Debug|Any CPU
		{3BFDC389-9CF2-4FFF-A0AE-D2A25432EB38}.Debug|Any CPU.Build.0 = Debug|Any CPU
		{3BFDC389-9CF2-4FFF-A0AE-D2A25432EB38}.Release|Any CPU.ActiveCfg = Release|Any CPU
		{3BFDC389-9CF2-4FFF-A0AE-D2A25432EB38}.Release|Any CPU.Build.0 = Release|Any CPU
		{C3CE73A5-0CF2-493B-B355-092114D64C5B}.Debug|Any CPU.ActiveCfg = Debug|Any CPU
		{C3CE73A5-0CF2-493B-B355-092114D64C5B}.Debug|Any CPU.Build.0 = Debug|Any CPU
		{C3CE73A5-0CF2-493B-B355-092114D64C5B}.Release|Any CPU.ActiveCfg = Release|Any CPU
		{C3CE73A5-0CF2-493B-B355-092114D64C5B}.Release|Any CPU.Build.0 = Release|Any CPU
		{81B1EE68-05B3-4390-A299-1BEA99117C3F}.Debug|Any CPU.ActiveCfg = Debug|Any CPU
		{81B1EE68-05B3-4390-A299-1BEA99117C3F}.Debug|Any CPU.Build.0 = Debug|Any CPU
		{81B1EE68-05B3-4390-A299-1BEA99117C3F}.Release|Any CPU.ActiveCfg = Release|Any CPU
		{81B1EE68-05B3-4390-A299-1BEA99117C3F}.Release|Any CPU.Build.0 = Release|Any CPU
		{BD300AF8-C13F-4052-A6FF-00A3360A36C7}.Debug|Any CPU.ActiveCfg = Debug|Any CPU
		{BD300AF8-C13F-4052-A6FF-00A3360A36C7}.Debug|Any CPU.Build.0 = Debug|Any CPU
		{BD300AF8-C13F-4052-A6FF-00A3360A36C7}.Release|Any CPU.ActiveCfg = Release|Any CPU
		{BD300AF8-C13F-4052-A6FF-00A3360A36C7}.Release|Any CPU.Build.0 = Release|Any CPU
		{FC95DD0E-1194-49A4-8F85-23E871C1E0BD}.Debug|Any CPU.ActiveCfg = Debug|Any CPU
		{FC95DD0E-1194-49A4-8F85-23E871C1E0BD}.Debug|Any CPU.Build.0 = Debug|Any CPU
		{FC95DD0E-1194-49A4-8F85-23E871C1E0BD}.Release|Any CPU.ActiveCfg = Release|Any CPU
		{FC95DD0E-1194-49A4-8F85-23E871C1E0BD}.Release|Any CPU.Build.0 = Release|Any CPU
		{169AAFBB-188C-4CDB-9170-D08F0F87D8CD}.Debug|Any CPU.ActiveCfg = Debug|Any CPU
		{169AAFBB-188C-4CDB-9170-D08F0F87D8CD}.Debug|Any CPU.Build.0 = Debug|Any CPU
		{169AAFBB-188C-4CDB-9170-D08F0F87D8CD}.Release|Any CPU.ActiveCfg = Release|Any CPU
		{169AAFBB-188C-4CDB-9170-D08F0F87D8CD}.Release|Any CPU.Build.0 = Release|Any CPU
		{4FC61EBB-AB16-4444-AF63-D8B85836D5DD}.Debug|Any CPU.ActiveCfg = Debug|Any CPU
		{4FC61EBB-AB16-4444-AF63-D8B85836D5DD}.Debug|Any CPU.Build.0 = Debug|Any CPU
		{4FC61EBB-AB16-4444-AF63-D8B85836D5DD}.Release|Any CPU.ActiveCfg = Release|Any CPU
		{4FC61EBB-AB16-4444-AF63-D8B85836D5DD}.Release|Any CPU.Build.0 = Release|Any CPU
		{46D462D2-2213-4227-980C-FD52977178B2}.Debug|Any CPU.ActiveCfg = Debug|Any CPU
		{46D462D2-2213-4227-980C-FD52977178B2}.Debug|Any CPU.Build.0 = Debug|Any CPU
		{46D462D2-2213-4227-980C-FD52977178B2}.Release|Any CPU.ActiveCfg = Release|Any CPU
		{46D462D2-2213-4227-980C-FD52977178B2}.Release|Any CPU.Build.0 = Release|Any CPU
	EndGlobalSection
	GlobalSection(SolutionProperties) = preSolution
		HideSolutionNode = FALSE
	EndGlobalSection
	GlobalSection(ExtensibilityGlobals) = postSolution
		SolutionGuid = {B8BF242A-0BB0-4154-A1EB-FE1D7225FF91}
	EndGlobalSection
EndGlobal
