
Microsoft Visual Studio Solution File, Format Version 12.00
# Visual Studio Version 17
VisualStudioVersion = 17.6.33801.468
MinimumVisualStudioVersion = 10.0.40219.1
Project("{9A19103F-16F7-4668-BE54-9A1E7A4F7556}") = "ContructorsAndObjectInitializers1", "ContructorsAndObjectInitializers1\ContructorsAndObjectInitializers1.csproj", "{FE49A474-0B01-4BEE-AAE2-9BB28AC765D9}"
EndProject
Project("{FAE04EC0-301F-11D3-BF4B-00C04F79EFBC}") = "InheritanceExamples1", "..\InheritanceExamples1\InheritanceExamples1.csproj", "{89184F10-931C-4F9A-912C-655D7DDA8BB3}"
EndProject
Project("{FAE04EC0-301F-11D3-BF4B-00C04F79EFBC}") = "InheritanceExamples2", "..\InheritanceExamples2\InheritanceExamples2.csproj", "{A7E03D70-038C-40A6-8368-AA9312FBE695}"
EndProject
Global
	GlobalSection(SolutionConfigurationPlatforms) = preSolution
		Debug|Any CPU = Debug|Any CPU
		Release|Any CPU = Release|Any CPU
	EndGlobalSection
	GlobalSection(ProjectConfigurationPlatforms) = postSolution
		{FE49A474-0B01-4BEE-AAE2-9BB28AC765D9}.Debug|Any CPU.ActiveCfg = Debug|Any CPU
		{FE49A474-0B01-4BEE-AAE2-9BB28AC765D9}.Debug|Any CPU.Build.0 = Debug|Any CPU
		{FE49A474-0B01-4BEE-AAE2-9BB28AC765D9}.Release|Any CPU.ActiveCfg = Release|Any CPU
		{FE49A474-0B01-4BEE-AAE2-9BB28AC765D9}.Release|Any CPU.Build.0 = Release|Any CPU
		{89184F10-931C-4F9A-912C-655D7DDA8BB3}.Debug|Any CPU.ActiveCfg = Debug|Any CPU
		{89184F10-931C-4F9A-912C-655D7DDA8BB3}.Debug|Any CPU.Build.0 = Debug|Any CPU
		{89184F10-931C-4F9A-912C-655D7DDA8BB3}.Release|Any CPU.ActiveCfg = Release|Any CPU
		{89184F10-931C-4F9A-912C-655D7DDA8BB3}.Release|Any CPU.Build.0 = Release|Any CPU
		{A7E03D70-038C-40A6-8368-AA9312FBE695}.Debug|Any CPU.ActiveCfg = Debug|Any CPU
		{A7E03D70-038C-40A6-8368-AA9312FBE695}.Debug|Any CPU.Build.0 = Debug|Any CPU
		{A7E03D70-038C-40A6-8368-AA9312FBE695}.Release|Any CPU.ActiveCfg = Release|Any CPU
		{A7E03D70-038C-40A6-8368-AA9312FBE695}.Release|Any CPU.Build.0 = Release|Any CPU
	EndGlobalSection
	GlobalSection(SolutionProperties) = preSolution
		HideSolutionNode = FALSE
	EndGlobalSection
	GlobalSection(ExtensibilityGlobals) = postSolution
		SolutionGuid = {2A7A704D-BEA2-4CC8-8238-5C972E982BD5}
	EndGlobalSection
EndGlobal
